
Microsoft Visual Studio Solution File, Format Version 12.00
# Visual Studio Version 16
VisualStudioVersion = 16.0.31025.194
MinimumVisualStudioVersion = 10.0.40219.1
Project("{FAE04EC0-301F-11D3-BF4B-00C04F79EFBC}") = "WeatherWebAppl", "WeatherWebAppl.csproj", "{898C90D0-735D-4DC2-A073-E657725A6128}"
EndProject
Global
	GlobalSection(SolutionConfigurationPlatforms) = preSolution
		Debug|Any CPU = Debug|Any CPU
		Release|Any CPU = Release|Any CPU
	EndGlobalSection
	GlobalSection(ProjectConfigurationPlatforms) = postSolution
		{898C90D0-735D-4DC2-A073-E657725A6128}.Debug|Any CPU.ActiveCfg = Debug|Any CPU
		{898C90D0-735D-4DC2-A073-E657725A6128}.Debug|Any CPU.Build.0 = Debug|Any CPU
		{898C90D0-735D-4DC2-A073-E657725A6128}.Release|Any CPU.ActiveCfg = Release|Any CPU
		{898C90D0-735D-4DC2-A073-E657725A6128}.Release|Any CPU.Build.0 = Release|Any CPU
	EndGlobalSection
	GlobalSection(SolutionProperties) = preSolution
		HideSolutionNode = FALSE
	EndGlobalSection
	GlobalSection(ExtensibilityGlobals) = postSolution
		SolutionGuid = {AEB8D0C4-3BBA-4A26-9508-09A7C6F5B182}
	EndGlobalSection
EndGlobal
